# This file was autogenerated by Stack.
# You should not edit this file by hand.
# For more information, please see the documentation at:
#   https://docs.haskellstack.org/en/stable/lock_files

packages:
- completed:
    hackage: network-3.1.4.0@sha256:e152cdb03243afb52bbc740cfbe96905ca298a6f6342f0c47b3f2e227ff19def,5208
    pantry-tree:
      sha256: 051aa7831a4f34a627cda46cdcc1c49b87790878a76aa3cb62e7e0490287fd9a
      size: 3977
  original:
    hackage: network-3.1.4.0@sha256:e152cdb03243afb52bbc740cfbe96905ca298a6f6342f0c47b3f2e227ff19def,5208
- completed:
    hackage: bytestring-0.11.5.2@sha256:446ad0a558ee7efcb0aeebfe147bf3897c50241231a9131ff7d7d24f2c3c1f2f,7595
    pantry-tree:
      sha256: b51508ffad643fbb973d16af2bc58ad7a34d00c3926fa0e9a56058f0f989a066
      size: 4019
  original:
    hackage: bytestring-0.11.5.2@sha256:446ad0a558ee7efcb0aeebfe147bf3897c50241231a9131ff7d7d24f2c3c1f2f,7595
snapshots:
- completed:
    sha256: 8017c7970c2a8a9510c60cc70ac245d59e0c34eb932b91d37af09fe59855d854
    size: 640038
    url: https://raw.githubusercontent.com/commercialhaskell/stackage-snapshots/master/lts/21/13.yaml
  original:
    url: https://raw.githubusercontent.com/commercialhaskell/stackage-snapshots/master/lts/21/13.yaml
